version = 1
revision = 1
requires-python = ">=3.12"

[[package]]
name = "anyio"
version = "4.9.0"
source = { registry = "https://pypi.org/simple" }
dependencies = [
    { name = "idna" },
    { name = "sniffio" },
    { name = "typing-extensions", marker = "python_full_version < '3.13'" },
]
sdist = { url = "https://files.pythonhosted.org/packages/95/7d/4c1bd541d4dffa1b52bd83fb8527089e097a106fc90b467a7313b105f840/anyio-4.9.0.tar.gz", hash = "sha256:673c0c244e15788651a4ff38710fea9675823028a6f08a5eda409e0c9840a028", size = 190949 }
wheels = [
    { url = "https://files.pythonhosted.org/packages/a1/ee/48ca1a7c89ffec8b6a0c5d02b89c305671d5ffd8d3c94acf8b8c408575bb/anyio-4.9.0-py3-none-any.whl", hash = "sha256:9f76d541cad6e36af7beb62e978876f3b41e3e04f2c1fbf0884604c0a9c4d93c", size = 100916 },
]

[[package]]
name = "certifi"
version = "2025.1.31"
source = { registry = "https://pypi.org/simple" }
sdist = { url = "https://files.pythonhosted.org/packages/1c/ab/c9f1e32b7b1bf505bf26f0ef697775960db7932abeb7b516de930ba2705f/certifi-2025.1.31.tar.gz", hash = "sha256:3d5da6925056f6f18f119200434a4780a94263f10d1c21d032a6f6b2baa20651", size = 167577 }
wheels = [
    { url = "https://files.pythonhosted.org/packages/38/fc/bce832fd4fd99766c04d1ee0eead6b0ec6486fb100ae5e74c1d91292b982/certifi-2025.1.31-py3-none-any.whl", hash = "sha256:ca78db4565a652026a4db2bcdf68f2fb589ea80d0be70e03929ed730746b84fe", size = 166393 },
]

[[package]]
name = "charset-normalizer"
version = "3.4.1"
source = { registry = "https://pypi.org/simple" }
sdist = { url = "https://files.pythonhosted.org/packages/16/b0/572805e227f01586461c80e0fd25d65a2115599cc9dad142fee4b747c357/charset_normalizer-3.4.1.tar.gz", hash = "sha256:44251f18cd68a75b56585dd00dae26183e102cd5e0f9f1466e6df5da2ed64ea3", size = 123188 }
wheels = [
    { url = "https://files.pythonhosted.org/packages/0a/9a/dd1e1cdceb841925b7798369a09279bd1cf183cef0f9ddf15a3a6502ee45/charset_normalizer-3.4.1-cp312-cp312-macosx_10_13_universal2.whl", hash = "sha256:73d94b58ec7fecbc7366247d3b0b10a21681004153238750bb67bd9012414545", size = 196105 },
    { url = "https://files.pythonhosted.org/packages/d3/8c/90bfabf8c4809ecb648f39794cf2a84ff2e7d2a6cf159fe68d9a26160467/charset_normalizer-3.4.1-cp312-cp312-manylinux_2_17_aarch64.manylinux2014_aarch64.whl", hash = "sha256:dad3e487649f498dd991eeb901125411559b22e8d7ab25d3aeb1af367df5efd7", size = 140404 },
    { url = "https://files.pythonhosted.org/packages/ad/8f/e410d57c721945ea3b4f1a04b74f70ce8fa800d393d72899f0a40526401f/charset_normalizer-3.4.1-cp312-cp312-manylinux_2_17_ppc64le.manylinux2014_ppc64le.whl", hash = "sha256:c30197aa96e8eed02200a83fba2657b4c3acd0f0aa4bdc9f6c1af8e8962e0757", size = 150423 },
    { url = "https://files.pythonhosted.org/packages/f0/b8/e6825e25deb691ff98cf5c9072ee0605dc2acfca98af70c2d1b1bc75190d/charset_normalizer-3.4.1-cp312-cp312-manylinux_2_17_s390x.manylinux2014_s390x.whl", hash = "sha256:2369eea1ee4a7610a860d88f268eb39b95cb588acd7235e02fd5a5601773d4fa", size = 143184 },
    { url = "https://files.pythonhosted.org/packages/3e/a2/513f6cbe752421f16d969e32f3583762bfd583848b763913ddab8d9bfd4f/charset_normalizer-3.4.1-cp312-cp312-manylinux_2_17_x86_64.manylinux2014_x86_64.whl", hash = "sha256:bc2722592d8998c870fa4e290c2eec2c1569b87fe58618e67d38b4665dfa680d", size = 145268 },
    { url = "https://files.pythonhosted.org/packages/74/94/8a5277664f27c3c438546f3eb53b33f5b19568eb7424736bdc440a88a31f/charset_normalizer-3.4.1-cp312-cp312-manylinux_2_5_i686.manylinux1_i686.manylinux_2_17_i686.manylinux2014_i686.whl", hash = "sha256:ffc9202a29ab3920fa812879e95a9e78b2465fd10be7fcbd042899695d75e616", size = 147601 },
    { url = "https://files.pythonhosted.org/packages/7c/5f/6d352c51ee763623a98e31194823518e09bfa48be2a7e8383cf691bbb3d0/charset_normalizer-3.4.1-cp312-cp312-musllinux_1_2_aarch64.whl", hash = "sha256:804a4d582ba6e5b747c625bf1255e6b1507465494a40a2130978bda7b932c90b", size = 141098 },
    { url = "https://files.pythonhosted.org/packages/78/d4/f5704cb629ba5ab16d1d3d741396aec6dc3ca2b67757c45b0599bb010478/charset_normalizer-3.4.1-cp312-cp312-musllinux_1_2_i686.whl", hash = "sha256:0f55e69f030f7163dffe9fd0752b32f070566451afe180f99dbeeb81f511ad8d", size = 149520 },
    { url = "https://files.pythonhosted.org/packages/c5/96/64120b1d02b81785f222b976c0fb79a35875457fa9bb40827678e54d1bc8/charset_normalizer-3.4.1-cp312-cp312-musllinux_1_2_ppc64le.whl", hash = "sha256:c4c3e6da02df6fa1410a7680bd3f63d4f710232d3139089536310d027950696a", size = 152852 },
    { url = "https://files.pythonhosted.org/packages/84/c9/98e3732278a99f47d487fd3468bc60b882920cef29d1fa6ca460a1fdf4e6/charset_normalizer-3.4.1-cp312-cp312-musllinux_1_2_s390x.whl", hash = "sha256:5df196eb874dae23dcfb968c83d4f8fdccb333330fe1fc278ac5ceeb101003a9", size = 150488 },
    { url = "https://files.pythonhosted.org/packages/13/0e/9c8d4cb99c98c1007cc11eda969ebfe837bbbd0acdb4736d228ccaabcd22/charset_normalizer-3.4.1-cp312-cp312-musllinux_1_2_x86_64.whl", hash = "sha256:e358e64305fe12299a08e08978f51fc21fac060dcfcddd95453eabe5b93ed0e1", size = 146192 },
    { url = "https://files.pythonhosted.org/packages/b2/21/2b6b5b860781a0b49427309cb8670785aa543fb2178de875b87b9cc97746/charset_normalizer-3.4.1-cp312-cp312-win32.whl", hash = "sha256:9b23ca7ef998bc739bf6ffc077c2116917eabcc901f88da1b9856b210ef63f35", size = 95550 },
    { url = "https://files.pythonhosted.org/packages/21/5b/1b390b03b1d16c7e382b561c5329f83cc06623916aab983e8ab9239c7d5c/charset_normalizer-3.4.1-cp312-cp312-win_amd64.whl", hash = "sha256:6ff8a4a60c227ad87030d76e99cd1698345d4491638dfa6673027c48b3cd395f", size = 102785 },
    { url = "https://files.pythonhosted.org/packages/38/94/ce8e6f63d18049672c76d07d119304e1e2d7c6098f0841b51c666e9f44a0/charset_normalizer-3.4.1-cp313-cp313-macosx_10_13_universal2.whl", hash = "sha256:aabfa34badd18f1da5ec1bc2715cadc8dca465868a4e73a0173466b688f29dda", size = 195698 },
    { url = "https://files.pythonhosted.org/packages/24/2e/dfdd9770664aae179a96561cc6952ff08f9a8cd09a908f259a9dfa063568/charset_normalizer-3.4.1-cp313-cp313-manylinux_2_17_aarch64.manylinux2014_aarch64.whl", hash = "sha256:22e14b5d70560b8dd51ec22863f370d1e595ac3d024cb8ad7d308b4cd95f8313", size = 140162 },
    { url = "https://files.pythonhosted.org/packages/24/4e/f646b9093cff8fc86f2d60af2de4dc17c759de9d554f130b140ea4738ca6/charset_normalizer-3.4.1-cp313-cp313-manylinux_2_17_ppc64le.manylinux2014_ppc64le.whl", hash = "sha256:8436c508b408b82d87dc5f62496973a1805cd46727c34440b0d29d8a2f50a6c9", size = 150263 },
    { url = "https://files.pythonhosted.org/packages/5e/67/2937f8d548c3ef6e2f9aab0f6e21001056f692d43282b165e7c56023e6dd/charset_normalizer-3.4.1-cp313-cp313-manylinux_2_17_s390x.manylinux2014_s390x.whl", hash = "sha256:2d074908e1aecee37a7635990b2c6d504cd4766c7bc9fc86d63f9c09af3fa11b", size = 142966 },
    { url = "https://files.pythonhosted.org/packages/52/ed/b7f4f07de100bdb95c1756d3a4d17b90c1a3c53715c1a476f8738058e0fa/charset_normalizer-3.4.1-cp313-cp313-manylinux_2_17_x86_64.manylinux2014_x86_64.whl", hash = "sha256:955f8851919303c92343d2f66165294848d57e9bba6cf6e3625485a70a038d11", size = 144992 },
    { url = "https://files.pythonhosted.org/packages/96/2c/d49710a6dbcd3776265f4c923bb73ebe83933dfbaa841c5da850fe0fd20b/charset_normalizer-3.4.1-cp313-cp313-manylinux_2_5_i686.manylinux1_i686.manylinux_2_17_i686.manylinux2014_i686.whl", hash = "sha256:44ecbf16649486d4aebafeaa7ec4c9fed8b88101f4dd612dcaf65d5e815f837f", size = 147162 },
    { url = "https://files.pythonhosted.org/packages/b4/41/35ff1f9a6bd380303dea55e44c4933b4cc3c4850988927d4082ada230273/charset_normalizer-3.4.1-cp313-cp313-musllinux_1_2_aarch64.whl", hash = "sha256:0924e81d3d5e70f8126529951dac65c1010cdf117bb75eb02dd12339b57749dd", size = 140972 },
    { url = "https://files.pythonhosted.org/packages/fb/43/c6a0b685fe6910d08ba971f62cd9c3e862a85770395ba5d9cad4fede33ab/charset_normalizer-3.4.1-cp313-cp313-musllinux_1_2_i686.whl", hash = "sha256:2967f74ad52c3b98de4c3b32e1a44e32975e008a9cd2a8cc8966d6a5218c5cb2", size = 149095 },
    { url = "https://files.pythonhosted.org/packages/4c/ff/a9a504662452e2d2878512115638966e75633519ec11f25fca3d2049a94a/charset_normalizer-3.4.1-cp313-cp313-musllinux_1_2_ppc64le.whl", hash = "sha256:c75cb2a3e389853835e84a2d8fb2b81a10645b503eca9bcb98df6b5a43eb8886", size = 152668 },
    { url = "https://files.pythonhosted.org/packages/6c/71/189996b6d9a4b932564701628af5cee6716733e9165af1d5e1b285c530ed/charset_normalizer-3.4.1-cp313-cp313-musllinux_1_2_s390x.whl", hash = "sha256:09b26ae6b1abf0d27570633b2b078a2a20419c99d66fb2823173d73f188ce601", size = 150073 },
    { url = "https://files.pythonhosted.org/packages/e4/93/946a86ce20790e11312c87c75ba68d5f6ad2208cfb52b2d6a2c32840d922/charset_normalizer-3.4.1-cp313-cp313-musllinux_1_2_x86_64.whl", hash = "sha256:fa88b843d6e211393a37219e6a1c1df99d35e8fd90446f1118f4216e307e48cd", size = 145732 },
    { url = "https://files.pythonhosted.org/packages/cd/e5/131d2fb1b0dddafc37be4f3a2fa79aa4c037368be9423061dccadfd90091/charset_normalizer-3.4.1-cp313-cp313-win32.whl", hash = "sha256:eb8178fe3dba6450a3e024e95ac49ed3400e506fd4e9e5c32d30adda88cbd407", size = 95391 },
    { url = "https://files.pythonhosted.org/packages/27/f2/4f9a69cc7712b9b5ad8fdb87039fd89abba997ad5cbe690d1835d40405b0/charset_normalizer-3.4.1-cp313-cp313-win_amd64.whl", hash = "sha256:b1ac5992a838106edb89654e0aebfc24f5848ae2547d22c2c3f66454daa11971", size = 102702 },
    { url = "https://files.pythonhosted.org/packages/0e/f6/65ecc6878a89bb1c23a086ea335ad4bf21a588990c3f535a227b9eea9108/charset_normalizer-3.4.1-py3-none-any.whl", hash = "sha256:d98b1668f06378c6dbefec3b92299716b931cd4e6061f3c875a71ced1780ab85", size = 49767 },
]

[[package]]
name = "click"
version = "8.1.8"
source = { registry = "https://pypi.org/simple" }
dependencies = [
    { name = "colorama", marker = "sys_platform == 'win32'" },
]
sdist = { url = "https://files.pythonhosted.org/packages/b9/2e/0090cbf739cee7d23781ad4b89a9894a41538e4fcf4c31dcdd705b78eb8b/click-8.1.8.tar.gz", hash = "sha256:ed53c9d8990d83c2a27deae68e4ee337473f6330c040a31d4225c9574d16096a", size = 226593 }
wheels = [
    { url = "https://files.pythonhosted.org/packages/7e/d4/7ebdbd03970677812aac39c869717059dbb71a4cfc033ca6e5221787892c/click-8.1.8-py3-none-any.whl", hash = "sha256:63c132bbbed01578a06712a2d1f497bb62d9c1c0d329b7903a866228027263b2", size = 98188 },
]

[[package]]
name = "colorama"
version = "0.4.6"
source = { registry = "https://pypi.org/simple" }
sdist = { url = "https://files.pythonhosted.org/packages/d8/53/6f443c9a4a8358a93a6792e2acffb9d9d5cb0a5cfd8802644b7b1c9a02e4/colorama-0.4.6.tar.gz", hash = "sha256:08695f5cb7ed6e0531a20572697297273c47b8cae5a63ffc6d6ed5c201be6e44", size = 27697 }
wheels = [
    { url = "https://files.pythonhosted.org/packages/d1/d6/3965ed04c63042e047cb6a3e6ed1a63a35087b6a609aa3a15ed8ac56c221/colorama-0.4.6-py2.py3-none-any.whl", hash = "sha256:4f1d9991f5acc0ca119f9d443620b77f9d6b33703e51011c16baf57afb285fc6", size = 25335 },
]

[[package]]
name = "faker"
version = "37.1.0"
source = { registry = "https://pypi.org/simple" }
dependencies = [
    { name = "tzdata" },
]
sdist = { url = "https://files.pythonhosted.org/packages/ba/a6/b77f42021308ec8b134502343da882c0905d725a4d661c7adeaf7acaf515/faker-37.1.0.tar.gz", hash = "sha256:ad9dc66a3b84888b837ca729e85299a96b58fdaef0323ed0baace93c9614af06", size = 1875707 }
wheels = [
    { url = "https://files.pythonhosted.org/packages/d7/a1/8936bc8e79af80ca38288dd93ed44ed1f9d63beb25447a4c59e746e01f8d/faker-37.1.0-py3-none-any.whl", hash = "sha256:dc2f730be71cb770e9c715b13374d80dbcee879675121ab51f9683d262ae9a1c", size = 1918783 },
]

[[package]]
name = "h11"
version = "0.14.0"
source = { registry = "https://pypi.org/simple" }
sdist = { url = "https://files.pythonhosted.org/packages/f5/38/3af3d3633a34a3316095b39c8e8fb4853a28a536e55d347bd8d8e9a14b03/h11-0.14.0.tar.gz", hash = "sha256:8f19fbbe99e72420ff35c00b27a34cb9937e902a8b810e2c88300c6f0a3b699d", size = 100418 }
wheels = [
    { url = "https://files.pythonhosted.org/packages/95/04/ff642e65ad6b90db43e668d70ffb6736436c7ce41fcc549f4e9472234127/h11-0.14.0-py3-none-any.whl", hash = "sha256:e3fe4ac4b851c468cc8363d500db52c2ead036020723024a109d37346efaa761", size = 58259 },
]

[[package]]
name = "httpcore"
version = "1.0.7"
source = { registry = "https://pypi.org/simple" }
dependencies = [
    { name = "certifi" },
    { name = "h11" },
]
sdist = { url = "https://files.pythonhosted.org/packages/6a/41/d7d0a89eb493922c37d343b607bc1b5da7f5be7e383740b4753ad8943e90/httpcore-1.0.7.tar.gz", hash = "sha256:8551cb62a169ec7162ac7be8d4817d561f60e08eaa485234898414bb5a8a0b4c", size = 85196 }
wheels = [
    { url = "https://files.pythonhosted.org/packages/87/f5/72347bc88306acb359581ac4d52f23c0ef445b57157adedb9aee0cd689d2/httpcore-1.0.7-py3-none-any.whl", hash = "sha256:a3fff8f43dc260d5bd363d9f9cf1830fa3a458b332856f34282de498ed420edd", size = 78551 },
]

[[package]]
name = "httpx"
version = "0.28.1"
source = { registry = "https://pypi.org/simple" }
dependencies = [
    { name = "anyio" },
    { name = "certifi" },
    { name = "httpcore" },
    { name = "idna" },
]
sdist = { url = "https://files.pythonhosted.org/packages/b1/df/48c586a5fe32a0f01324ee087459e112ebb7224f646c0b5023f5e79e9956/httpx-0.28.1.tar.gz", hash = "sha256:75e98c5f16b0f35b567856f597f06ff2270a374470a5c2392242528e3e3e42fc", size = 141406 }
wheels = [
    { url = "https://files.pythonhosted.org/packages/2a/39/e50c7c3a983047577ee07d2a9e53faf5a69493943ec3f6a384bdc792deb2/httpx-0.28.1-py3-none-any.whl", hash = "sha256:d909fcccc110f8c7faf814ca82a9a4d816bc5a6dbfea25d6591d6985b8ba59ad", size = 73517 },
]

[[package]]
name = "idna"
version = "3.10"
source = { registry = "https://pypi.org/simple" }
sdist = { url = "https://files.pythonhosted.org/packages/f1/70/7703c29685631f5a7590aa73f1f1d3fa9a380e654b86af429e0934a32f7d/idna-3.10.tar.gz", hash = "sha256:12f65c9b470abda6dc35cf8e63cc574b1c52b11df2c86030af0ac09b01b13ea9", size = 190490 }
wheels = [
    { url = "https://files.pythonhosted.org/packages/76/c6/c88e154df9c4e1a2a66ccf0005a88dfb2650c1dffb6f5ce603dfbd452ce3/idna-3.10-py3-none-any.whl", hash = "sha256:946d195a0d259cbba61165e88e65941f16e9b36ea6ddb97f00452bae8b1287d3", size = 70442 },
]

[[package]]
name = "litestar"
version = "2.15.2"
source = { registry = "https://pypi.org/simple" }
dependencies = [
    { name = "anyio" },
    { name = "click" },
    { name = "httpx" },
    { name = "litestar-htmx" },
    { name = "msgspec" },
    { name = "multidict" },
    { name = "multipart" },
    { name = "polyfactory" },
    { name = "pyyaml" },
    { name = "rich" },
    { name = "rich-click" },
    { name = "typing-extensions" },
]
sdist = { url = "https://files.pythonhosted.org/packages/b5/c9/d3a431379383cb479d7122017083b9858fe92c6d3333b9d278ed7d559865/litestar-2.15.2.tar.gz", hash = "sha256:de3320e7e412bf09f420b1703cbf04295f1a5377230dad0484d7da8c7ddf5a37", size = 397217 }
wheels = [
    { url = "https://files.pythonhosted.org/packages/f4/db/4ddf71ddb51c70ef4f91bb5c59a84436cecfcfed0e5733f9b31b4b360dbc/litestar-2.15.2-py3-none-any.whl", hash = "sha256:41e7670d67bac70b466008a74eeb2aa63f4f71c09ffade4f603fc00d2bbc771f", size = 571057 },
]

[[package]]
name = "litestar-htmx"
version = "0.4.1"
source = { registry = "https://pypi.org/simple" }
sdist = { url = "https://files.pythonhosted.org/packages/c9/0c/06ab03ee497d207dd8cb7588d1940be0b373a8ffdc7be3ec6d7e91c17ae2/litestar_htmx-0.4.1.tar.gz", hash = "sha256:ba2537008eb8cc18bfc8bee5cecb280924c7818bb1c066d79eae4b221696ca08", size = 101877 }
wheels = [
    { url = "https://files.pythonhosted.org/packages/9d/99/3ea64a79a2f4fea5225ccd0128201a3b8eab5e216b8fba8b778b8c462f29/litestar_htmx-0.4.1-py3-none-any.whl", hash = "sha256:ba2a8ff1e210f21980735b9cde13d239a2b7c3627cb4aeb425d66f4a314d1a59", size = 9970 },
]

[[package]]
name = "markdown-it-py"
version = "3.0.0"
source = { registry = "https://pypi.org/simple" }
dependencies = [
    { name = "mdurl" },
]
sdist = { url = "https://files.pythonhosted.org/packages/38/71/3b932df36c1a044d397a1f92d1cf91ee0a503d91e470cbd670aa66b07ed0/markdown-it-py-3.0.0.tar.gz", hash = "sha256:e3f60a94fa066dc52ec76661e37c851cb232d92f9886b15cb560aaada2df8feb", size = 74596 }
wheels = [
    { url = "https://files.pythonhosted.org/packages/42/d7/1ec15b46af6af88f19b8e5ffea08fa375d433c998b8a7639e76935c14f1f/markdown_it_py-3.0.0-py3-none-any.whl", hash = "sha256:355216845c60bd96232cd8d8c40e8f9765cc86f46880e43a8fd22dc1a1a8cab1", size = 87528 },
]

[[package]]
name = "mdurl"
version = "0.1.2"
source = { registry = "https://pypi.org/simple" }
sdist = { url = "https://files.pythonhosted.org/packages/d6/54/cfe61301667036ec958cb99bd3efefba235e65cdeb9c84d24a8293ba1d90/mdurl-0.1.2.tar.gz", hash = "sha256:bb413d29f5eea38f31dd4754dd7377d4465116fb207585f97bf925588687c1ba", size = 8729 }
wheels = [
    { url = "https://files.pythonhosted.org/packages/b3/38/89ba8ad64ae25be8de66a6d463314cf1eb366222074cfda9ee839c56a4b4/mdurl-0.1.2-py3-none-any.whl", hash = "sha256:84008a41e51615a49fc9966191ff91509e3c40b939176e643fd50a5c2196b8f8", size = 9979 },
]

[[package]]
name = "msgspec"
version = "0.19.0"
source = { registry = "https://pypi.org/simple" }
sdist = { url = "https://files.pythonhosted.org/packages/cf/9b/95d8ce458462b8b71b8a70fa94563b2498b89933689f3a7b8911edfae3d7/msgspec-0.19.0.tar.gz", hash = "sha256:604037e7cd475345848116e89c553aa9a233259733ab51986ac924ab1b976f8e", size = 216934 }
wheels = [
    { url = "https://files.pythonhosted.org/packages/b2/5f/a70c24f075e3e7af2fae5414c7048b0e11389685b7f717bb55ba282a34a7/msgspec-0.19.0-cp312-cp312-macosx_10_13_x86_64.whl", hash = "sha256:f98bd8962ad549c27d63845b50af3f53ec468b6318400c9f1adfe8b092d7b62f", size = 190485 },
    { url = "https://files.pythonhosted.org/packages/89/b0/1b9763938cfae12acf14b682fcf05c92855974d921a5a985ecc197d1c672/msgspec-0.19.0-cp312-cp312-macosx_11_0_arm64.whl", hash = "sha256:43bbb237feab761b815ed9df43b266114203f53596f9b6e6f00ebd79d178cdf2", size = 183910 },
    { url = "https://files.pythonhosted.org/packages/87/81/0c8c93f0b92c97e326b279795f9c5b956c5a97af28ca0fbb9fd86c83737a/msgspec-0.19.0-cp312-cp312-manylinux_2_17_aarch64.manylinux2014_aarch64.whl", hash = "sha256:4cfc033c02c3e0aec52b71710d7f84cb3ca5eb407ab2ad23d75631153fdb1f12", size = 210633 },
    { url = "https://files.pythonhosted.org/packages/d0/ef/c5422ce8af73928d194a6606f8ae36e93a52fd5e8df5abd366903a5ca8da/msgspec-0.19.0-cp312-cp312-manylinux_2_17_x86_64.manylinux2014_x86_64.whl", hash = "sha256:d911c442571605e17658ca2b416fd8579c5050ac9adc5e00c2cb3126c97f73bc", size = 213594 },
    { url = "https://files.pythonhosted.org/packages/19/2b/4137bc2ed45660444842d042be2cf5b18aa06efd2cda107cff18253b9653/msgspec-0.19.0-cp312-cp312-musllinux_1_2_aarch64.whl", hash = "sha256:757b501fa57e24896cf40a831442b19a864f56d253679f34f260dcb002524a6c", size = 214053 },
    { url = "https://files.pythonhosted.org/packages/9d/e6/8ad51bdc806aac1dc501e8fe43f759f9ed7284043d722b53323ea421c360/msgspec-0.19.0-cp312-cp312-musllinux_1_2_x86_64.whl", hash = "sha256:5f0f65f29b45e2816d8bded36e6b837a4bf5fb60ec4bc3c625fa2c6da4124537", size = 219081 },
    { url = "https://files.pythonhosted.org/packages/b1/ef/27dd35a7049c9a4f4211c6cd6a8c9db0a50647546f003a5867827ec45391/msgspec-0.19.0-cp312-cp312-win_amd64.whl", hash = "sha256:067f0de1c33cfa0b6a8206562efdf6be5985b988b53dd244a8e06f993f27c8c0", size = 187467 },
    { url = "https://files.pythonhosted.org/packages/3c/cb/2842c312bbe618d8fefc8b9cedce37f773cdc8fa453306546dba2c21fd98/msgspec-0.19.0-cp313-cp313-macosx_10_13_x86_64.whl", hash = "sha256:f12d30dd6266557aaaf0aa0f9580a9a8fbeadfa83699c487713e355ec5f0bd86", size = 190498 },
    { url = "https://files.pythonhosted.org/packages/58/95/c40b01b93465e1a5f3b6c7d91b10fb574818163740cc3acbe722d1e0e7e4/msgspec-0.19.0-cp313-cp313-macosx_11_0_arm64.whl", hash = "sha256:82b2c42c1b9ebc89e822e7e13bbe9d17ede0c23c187469fdd9505afd5a481314", size = 183950 },
    { url = "https://files.pythonhosted.org/packages/e8/f0/5b764e066ce9aba4b70d1db8b087ea66098c7c27d59b9dd8a3532774d48f/msgspec-0.19.0-cp313-cp313-manylinux_2_17_aarch64.manylinux2014_aarch64.whl", hash = "sha256:19746b50be214a54239aab822964f2ac81e38b0055cca94808359d779338c10e", size = 210647 },
    { url = "https://files.pythonhosted.org/packages/9d/87/bc14f49bc95c4cb0dd0a8c56028a67c014ee7e6818ccdce74a4862af259b/msgspec-0.19.0-cp313-cp313-manylinux_2_17_x86_64.manylinux2014_x86_64.whl", hash = "sha256:60ef4bdb0ec8e4ad62e5a1f95230c08efb1f64f32e6e8dd2ced685bcc73858b5", size = 213563 },
    { url = "https://files.pythonhosted.org/packages/53/2f/2b1c2b056894fbaa975f68f81e3014bb447516a8b010f1bed3fb0e016ed7/msgspec-0.19.0-cp313-cp313-musllinux_1_2_aarch64.whl", hash = "sha256:ac7f7c377c122b649f7545810c6cd1b47586e3aa3059126ce3516ac7ccc6a6a9", size = 213996 },
    { url = "https://files.pythonhosted.org/packages/aa/5a/4cd408d90d1417e8d2ce6a22b98a6853c1b4d7cb7669153e4424d60087f6/msgspec-0.19.0-cp313-cp313-musllinux_1_2_x86_64.whl", hash = "sha256:a5bc1472223a643f5ffb5bf46ccdede7f9795078194f14edd69e3aab7020d327", size = 219087 },
    { url = "https://files.pythonhosted.org/packages/23/d8/f15b40611c2d5753d1abb0ca0da0c75348daf1252220e5dda2867bd81062/msgspec-0.19.0-cp313-cp313-win_amd64.whl", hash = "sha256:317050bc0f7739cb30d257ff09152ca309bf5a369854bbf1e57dffc310c1f20f", size = 187432 },
]

[[package]]
name = "multidict"
version = "6.3.2"
source = { registry = "https://pypi.org/simple" }
sdist = { url = "https://files.pythonhosted.org/packages/fa/2d/6e0d6771cadd5ad14d13193cc8326dc0b341cc1659c306cbfce7a5058fff/multidict-6.3.2.tar.gz", hash = "sha256:c1035eea471f759fa853dd6e76aaa1e389f93b3e1403093fa0fd3ab4db490678", size = 88060 }
wheels = [
    { url = "https://files.pythonhosted.org/packages/83/ae/bd7518193b4374484c04ba0f6522d0572dc17fcd53d238deb3cb3643c858/multidict-6.3.2-cp312-cp312-macosx_10_13_universal2.whl", hash = "sha256:d1e0ba1ce1b8cc79117196642d95f4365e118eaf5fb85f57cdbcc5a25640b2a4", size = 62680 },
    { url = "https://files.pythonhosted.org/packages/59/e0/a0a9247c32f385ac4c1afefe9c3f2271fb8e235aad72332d42384c41b9cb/multidict-6.3.2-cp312-cp312-macosx_10_13_x86_64.whl", hash = "sha256:029bbd7d782251a78975214b78ee632672310f9233d49531fc93e8e99154af25", size = 37366 },
    { url = "https://files.pythonhosted.org/packages/c3/fa/8c23cdd4492d59bea0e762662285f2163766e69e5ea715fe6a03a8670660/multidict-6.3.2-cp312-cp312-macosx_11_0_arm64.whl", hash = "sha256:d7db41e3b56817d9175264e5fe00192fbcb8e1265307a59f53dede86161b150e", size = 36103 },
    { url = "https://files.pythonhosted.org/packages/87/35/3bcc3616cb54d3a327b1d26dbec284c3eb7b179e8a78a6075852dbb51dac/multidict-6.3.2-cp312-cp312-manylinux_2_17_aarch64.manylinux2014_aarch64.whl", hash = "sha256:1fcab18e65cc555ac29981a581518c23311f2b1e72d8f658f9891590465383be", size = 248231 },
    { url = "https://files.pythonhosted.org/packages/b8/c3/17ddbfd6fc3eed9ab7326a43651e1a97da73f7acc69b78a7bb04b59c073d/multidict-6.3.2-cp312-cp312-manylinux_2_17_ppc64le.manylinux2014_ppc64le.whl", hash = "sha256:0d50eff89aa4d145a5486b171a2177042d08ea5105f813027eb1050abe91839f", size = 259423 },
    { url = "https://files.pythonhosted.org/packages/1f/67/64b18180e8f559cc93efaaaac2fe0746b9c978560866b6fdd626d3237129/multidict-6.3.2-cp312-cp312-manylinux_2_17_s390x.manylinux2014_s390x.whl", hash = "sha256:643e57b403d3e240045a3681f9e6a04d35a33eddc501b4cbbbdbc9c70122e7bc", size = 256204 },
    { url = "https://files.pythonhosted.org/packages/21/f6/e81a8e4817c2d32787b33ae58c72dc3fe08e0ba8e56e660a225df3cb8619/multidict-6.3.2-cp312-cp312-manylinux_2_17_x86_64.manylinux2014_x86_64.whl", hash = "sha256:9d17b37b9715b30605b5bab1460569742d0c309e5c20079263b440f5d7746e7e", size = 249663 },
    { url = "https://files.pythonhosted.org/packages/3e/e8/44ca66758df031a8119483cf5385e2ff3b09b9c6df8f3396d626c325b553/multidict-6.3.2-cp312-cp312-manylinux_2_5_i686.manylinux1_i686.manylinux_2_17_i686.manylinux2014_i686.whl", hash = "sha256:68acd51fa94e63312b8ddf84bfc9c3d3442fe1f9988bbe1b6c703043af8867fe", size = 232236 },
    { url = "https://files.pythonhosted.org/packages/93/76/d2faabbac582dc100a4d7ecf7d0ab8dd2aadf7f10d5d5a19e9932cf63a2e/multidict-6.3.2-cp312-cp312-musllinux_1_2_aarch64.whl", hash = "sha256:347eea2852ab7f697cc5ed9b1aae96b08f8529cca0c6468f747f0781b1842898", size = 252638 },
    { url = "https://files.pythonhosted.org/packages/63/37/f5a6ea10dab96491b7300be940f86a5490dc474d18473c438f2550b78da3/multidict-6.3.2-cp312-cp312-musllinux_1_2_i686.whl", hash = "sha256:e4d3f8e57027dcda84a1aa181501c15c45eab9566eb6fcc274cbd1e7561224f8", size = 247917 },
    { url = "https://files.pythonhosted.org/packages/d4/b1/2c32b684763b69becbaaa61b7af8a45a6f757fc82d9b4b123ca90cb69f75/multidict-6.3.2-cp312-cp312-musllinux_1_2_ppc64le.whl", hash = "sha256:9ca57a841ffcf712e47875d026aa49d6e67f9560624d54b51628603700d5d287", size = 261754 },
    { url = "https://files.pythonhosted.org/packages/cd/f2/badedad94e1731debe56d076c9e61a1658c5e9d65dfa9c1ee74d1e3d31d7/multidict-6.3.2-cp312-cp312-musllinux_1_2_s390x.whl", hash = "sha256:7cafdafb44c4e646118410368307693e49d19167e5f119cbe3a88697d2d1a636", size = 256389 },
    { url = "https://files.pythonhosted.org/packages/c6/3a/0a3488be2e5a6499f512e748d31e8fb90b753eb35793ecf390b9d8548e66/multidict-6.3.2-cp312-cp312-musllinux_1_2_x86_64.whl", hash = "sha256:430120c6ce3715a9c6075cabcee557daccbcca8ba25a9fedf05c7bf564532f2d", size = 251902 },
    { url = "https://files.pythonhosted.org/packages/fe/44/62f76d0a5d836b96168f39a402a75dd3114d0df3cbb5669e0310034b71be/multidict-6.3.2-cp312-cp312-win32.whl", hash = "sha256:13bec31375235a68457ab887ce1bbf4f59d5810d838ae5d7e5b416242e1f3ed4", size = 35101 },
    { url = "https://files.pythonhosted.org/packages/8f/a4/7aaf2313e1766710010c35f9d738fd6309fb71a758f8c0e81853b90afb3d/multidict-6.3.2-cp312-cp312-win_amd64.whl", hash = "sha256:c3b6d7620e6e90c6d97eaf3a63bf7fbd2ba253aab89120a4a9c660bf2d675391", size = 38479 },
    { url = "https://files.pythonhosted.org/packages/b1/b2/15db2b1bec1fe8ab5e7c210e3cd247ed902ef86b58b9f39b0a75476d0e8d/multidict-6.3.2-cp313-cp313-macosx_10_13_universal2.whl", hash = "sha256:b9ca24700322816ae0d426aa33671cf68242f8cc85cee0d0e936465ddaee90b5", size = 62345 },
    { url = "https://files.pythonhosted.org/packages/5f/91/22ea27da2c3ffb8266a92f91f17a84dec2cbdd0f91aa7e5f7d514534dd92/multidict-6.3.2-cp313-cp313-macosx_10_13_x86_64.whl", hash = "sha256:d9fbbe23667d596ff4f9f74d44b06e40ebb0ab6b262cf14a284f859a66f86457", size = 37205 },
    { url = "https://files.pythonhosted.org/packages/23/cb/563a7481ae677531da84aad86c2de7ebc23446d856d2f6d9794ad4fff375/multidict-6.3.2-cp313-cp313-macosx_11_0_arm64.whl", hash = "sha256:9cb602c5bea0589570ad3a4a6f2649c4f13cc7a1e97b4c616e5e9ff8dc490987", size = 35931 },
    { url = "https://files.pythonhosted.org/packages/7c/b7/98fe4f4cd7a0b77a4a48fd3f619848b9e8af4e692eb681f9df9f58d86456/multidict-6.3.2-cp313-cp313-manylinux_2_17_aarch64.manylinux2014_aarch64.whl", hash = "sha256:93ca81dd4d1542e20000ed90f4cc84b7713776f620d04c2b75b8efbe61106c99", size = 246946 },
    { url = "https://files.pythonhosted.org/packages/7e/a3/22dcbd0b58d253719acaf0257a2f35bf609bfd6b73690fcc9e7bdbd3b392/multidict-6.3.2-cp313-cp313-manylinux_2_17_ppc64le.manylinux2014_ppc64le.whl", hash = "sha256:18b6310b5454c62242577a128c87df8897f39dd913311cf2e1298e47dfc089eb", size = 260559 },
    { url = "https://files.pythonhosted.org/packages/1c/d4/25eb076f0c2c28d73e7959f3fcc8371e7a029815b5d06e79ea3a265500d2/multidict-6.3.2-cp313-cp313-manylinux_2_17_s390x.manylinux2014_s390x.whl", hash = "sha256:7a6dda57de1fc9aedfdb600a8640c99385cdab59a5716cb714b52b6005797f77", size = 257122 },
    { url = "https://files.pythonhosted.org/packages/28/f8/18c81f5c5b7453dd8d15dc61ceca23d03c55e69f1937842039be2d8c4428/multidict-6.3.2-cp313-cp313-manylinux_2_17_x86_64.manylinux2014_x86_64.whl", hash = "sha256:5d8ec42d03cc6b29845552a68151f9e623c541f1708328353220af571e24a247", size = 248535 },
    { url = "https://files.pythonhosted.org/packages/9b/17/c175fab75ecfe1c2dd4f28382dd7e80da6d6f0d73c68036f64b6dce9aeeb/multidict-6.3.2-cp313-cp313-manylinux_2_5_i686.manylinux1_i686.manylinux_2_17_i686.manylinux2014_i686.whl", hash = "sha256:80681969cee2fa84dafeb53615d51d24246849984e3e87fbe4fe39956f2e23bf", size = 234013 },
    { url = "https://files.pythonhosted.org/packages/2f/03/1611ecf91d7d6249633cb1dd3fb26d456e0dc0dc80cecccfeb89931a126b/multidict-6.3.2-cp313-cp313-musllinux_1_2_aarch64.whl", hash = "sha256:01489b0c3592bb9d238e5690e9566db7f77a5380f054b57077d2c4deeaade0eb", size = 249222 },
    { url = "https://files.pythonhosted.org/packages/66/04/0035b77bbffb55f276f00b427e45870194002f9f42e1e3de785d45880372/multidict-6.3.2-cp313-cp313-musllinux_1_2_i686.whl", hash = "sha256:522d9f1fd995d04dfedc0a40bca7e2591bc577d920079df50b56245a4a252c1c", size = 245594 },
    { url = "https://files.pythonhosted.org/packages/fe/4c/b52ebcd8ff13a3c833b07cfffa0f50f736b061954a151ee5fe6669bb1bd8/multidict-6.3.2-cp313-cp313-musllinux_1_2_ppc64le.whl", hash = "sha256:2014e9cf0b4e9c75bbad49c1758e5a9bf967a56184fc5fcc51527425baf5abba", size = 258709 },
    { url = "https://files.pythonhosted.org/packages/fd/78/9c4433517e8f09035a14aba469617c9cf41a214ca987d9127b84b3de4848/multidict-6.3.2-cp313-cp313-musllinux_1_2_s390x.whl", hash = "sha256:78ced9fcbee79e446ff4bb3018ac7ba1670703de7873d9c1f6f9883db53c71bc", size = 254015 },
    { url = "https://files.pythonhosted.org/packages/6d/76/8464b4d2e9980bd754aa1850919caef9854453f0400c60f84c79947b799d/multidict-6.3.2-cp313-cp313-musllinux_1_2_x86_64.whl", hash = "sha256:1faf01af972bd01216a107c195f5294f9f393531bc3e4faddc9b333581255d4d", size = 249475 },
    { url = "https://files.pythonhosted.org/packages/c4/e2/2b35b7ce226a2ca8c38125f702090faa8d0a35050461fb111fbaa2e023c4/multidict-6.3.2-cp313-cp313-win32.whl", hash = "sha256:7a699ab13d8d8e1f885de1535b4f477fb93836c87168318244c2685da7b7f655", size = 35204 },
    { url = "https://files.pythonhosted.org/packages/c6/c7/09b85dc11cfa83c9a1e3f8367402d56157624e31a05eecd40d5feed1eed1/multidict-6.3.2-cp313-cp313-win_amd64.whl", hash = "sha256:8666bb0d883310c83be01676e302587834dfd185b52758caeab32ef0eb387bc6", size = 38436 },
    { url = "https://files.pythonhosted.org/packages/63/d6/b27f9db9a8dcca95b50911436c9f187047911be0d78ade3352a6bcabb87a/multidict-6.3.2-cp313-cp313t-macosx_10_13_universal2.whl", hash = "sha256:d82c95aabee29612b1c4f48b98be98181686eb7d6c0152301f72715705cc787b", size = 67526 },
    { url = "https://files.pythonhosted.org/packages/2d/23/bbf220b0fa6378526890f37fd9a63d4e2ea990a4a344b221618adc3fb8b0/multidict-6.3.2-cp313-cp313t-macosx_10_13_x86_64.whl", hash = "sha256:f47709173ea9e87a7fd05cd7e5cf1e5d4158924ff988a9a8e0fbd853705f0e68", size = 39390 },
    { url = "https://files.pythonhosted.org/packages/0d/a9/4d1b795b50e6b54609fd7a63db8df30fa0480405b9a46cf8e336f5f28560/multidict-6.3.2-cp313-cp313t-macosx_11_0_arm64.whl", hash = "sha256:0c7f9d0276ceaab41b8ae78534ff28ea33d5de85db551cbf80c44371f2b55d13", size = 38869 },
    { url = "https://files.pythonhosted.org/packages/e4/8c/854ee8ad8921335d0b4e740f373390d85d23f6b3956387562de5891ac503/multidict-6.3.2-cp313-cp313t-manylinux_2_17_aarch64.manylinux2014_aarch64.whl", hash = "sha256:a6eab22df44a25acab2e738f882f5ec551282ab45b2bbda5301e6d2cfb323036", size = 246911 },
    { url = "https://files.pythonhosted.org/packages/40/65/d6ae9fecb61d1c2fa86a2889f8b58dbfb91fa6a6d7754597e472c8523f6c/multidict-6.3.2-cp313-cp313t-manylinux_2_17_ppc64le.manylinux2014_ppc64le.whl", hash = "sha256:a947cb7c657f57874021b9b70c7aac049c877fb576955a40afa8df71d01a1390", size = 251680 },
    { url = "https://files.pythonhosted.org/packages/a3/6c/098304889a699f5fbad8e74b723847a38d22547743baacdfcc8a17777b5b/multidict-6.3.2-cp313-cp313t-manylinux_2_17_s390x.manylinux2014_s390x.whl", hash = "sha256:5faa346e8e1c371187cf345ab1e02a75889f9f510c9cbc575c31b779f7df084d", size = 246706 },
    { url = "https://files.pythonhosted.org/packages/da/9f/a58a04ac1d18f0a2431c48763a8948d0ce65f5911000cc425f8778eb6611/multidict-6.3.2-cp313-cp313t-manylinux_2_17_x86_64.manylinux2014_x86_64.whl", hash = "sha256:dc6e08d977aebf1718540533b4ba5b351ccec2db093370958a653b1f7f9219cc", size = 242359 },
    { url = "https://files.pythonhosted.org/packages/40/fd/3a76265f2748f718cc05f313c44440658ecd1939fa2b5e66087a5edd605f/multidict-6.3.2-cp313-cp313t-manylinux_2_5_i686.manylinux1_i686.manylinux_2_17_i686.manylinux2014_i686.whl", hash = "sha256:98eab7acf55275b5bf09834125fa3a80b143a9f241cdcdd3f1295ffdc3c6d097", size = 229881 },
    { url = "https://files.pythonhosted.org/packages/22/a9/5780f71e34adf93443ec0660591d877367991badadab9cc6ac02d7a64760/multidict-6.3.2-cp313-cp313t-musllinux_1_2_aarch64.whl", hash = "sha256:36863655630becc224375c0b99364978a0f95aebfb27fb6dd500f7fb5fb36e79", size = 248520 },
    { url = "https://files.pythonhosted.org/packages/f3/72/10988db397e1e819b669213c76a41fde670ba60ecec2c05d5ecdea05526c/multidict-6.3.2-cp313-cp313t-musllinux_1_2_i686.whl", hash = "sha256:d9c0979c096c0d46a963331b0e400d3a9e560e41219df4b35f0d7a2f28f39710", size = 237649 },
    { url = "https://files.pythonhosted.org/packages/29/75/52a7d3d1c0ffb2e8367f72845f309850113ea9201a50e4d4cdf8ac9f7d72/multidict-6.3.2-cp313-cp313t-musllinux_1_2_ppc64le.whl", hash = "sha256:0efc04f70f05e70e5945890767e8874da5953a196f5b07c552d305afae0f3bf6", size = 251467 },
    { url = "https://files.pythonhosted.org/packages/82/24/e42400008eff60d4af53a2ff313abf0b2715fdd3a71b845d85025844f198/multidict-6.3.2-cp313-cp313t-musllinux_1_2_s390x.whl", hash = "sha256:2c519b3b82c34539fae3e22e4ea965869ac6b628794b1eb487780dde37637ab7", size = 245310 },
    { url = "https://files.pythonhosted.org/packages/91/32/8b2e247539d4fdcc6cee36aa71c8898e0acd70e5d0e8a2ce9796a60790e5/multidict-6.3.2-cp313-cp313t-musllinux_1_2_x86_64.whl", hash = "sha256:329160e301f2afd7b43725d3dda8a7ef8ee41d4ceac2083fc0d8c1cc8a4bd56b", size = 243574 },
    { url = "https://files.pythonhosted.org/packages/d2/86/cc42cfa9b85b7d174948a17f828ebcacb0247e727fbedf06506ba93387ef/multidict-6.3.2-cp313-cp313t-win32.whl", hash = "sha256:420e5144a5f598dad8db3128f1695cd42a38a0026c2991091dab91697832f8cc", size = 41908 },
    { url = "https://files.pythonhosted.org/packages/2a/36/5c015523a7650fb5c55380d1c779b938379bd091968ee822d719e4264ab7/multidict-6.3.2-cp313-cp313t-win_amd64.whl", hash = "sha256:875faded2861c7af2682c67088e6313fec35ede811e071c96d36b081873cea14", size = 45635 },
    { url = "https://files.pythonhosted.org/packages/aa/c1/7832c95a50641148b567b5366dd3354489950dcfd01c8fc28472bec63b9a/multidict-6.3.2-py3-none-any.whl", hash = "sha256:71409d4579f716217f23be2f5e7afca5ca926aaeb398aa11b72d793bff637a1f", size = 10347 },
]

[[package]]
name = "multipart"
version = "1.2.1"
source = { registry = "https://pypi.org/simple" }
sdist = { url = "https://files.pythonhosted.org/packages/df/91/6c93b6a95e6a99ef929a99d019fbf5b5f7fd3368389a0b1ec7ce0a23565b/multipart-1.2.1.tar.gz", hash = "sha256:829b909b67bc1ad1c6d4488fcdc6391c2847842b08323addf5200db88dbe9480", size = 36507 }
wheels = [
    { url = "https://files.pythonhosted.org/packages/cc/d1/3598d1e73385baaab427392856f915487db7aa10abadd436f8f2d3e3b0f9/multipart-1.2.1-py3-none-any.whl", hash = "sha256:c03dc203bc2e67f6b46a599467ae0d87cf71d7530504b2c1ff4a9ea21d8b8c8c", size = 13730 },
]

[[package]]
name = "polyfactory"
version = "2.20.0"
source = { registry = "https://pypi.org/simple" }
dependencies = [
    { name = "faker" },
    { name = "typing-extensions" },
]
sdist = { url = "https://files.pythonhosted.org/packages/59/c8/9d5c64495e3a7b672455859399aa0098b2728a7820ebe856db0cd0590197/polyfactory-2.20.0.tar.gz", hash = "sha256:86017160f05332baadb5eaf89885e1ba7bb447a3140e46ba4546848c76cbdec5", size = 243596 }
wheels = [
    { url = "https://files.pythonhosted.org/packages/57/1a/c74707cb643b36ab490690d8b4501c2e839a81dcfbc14c9639d3d8ee9ad3/polyfactory-2.20.0-py3-none-any.whl", hash = "sha256:6a808454bb03afacf54abeeb50d79b86c9e5b8476efc2bc3788e5ece26dd561a", size = 60535 },
]

[[package]]
name = "pygments"
version = "2.19.1"
source = { registry = "https://pypi.org/simple" }
sdist = { url = "https://files.pythonhosted.org/packages/7c/2d/c3338d48ea6cc0feb8446d8e6937e1408088a72a39937982cc6111d17f84/pygments-2.19.1.tar.gz", hash = "sha256:61c16d2a8576dc0649d9f39e089b5f02bcd27fba10d8fb4dcc28173f7a45151f", size = 4968581 }
wheels = [
    { url = "https://files.pythonhosted.org/packages/8a/0b/9fcc47d19c48b59121088dd6da2488a49d5f72dacf8262e2790a1d2c7d15/pygments-2.19.1-py3-none-any.whl", hash = "sha256:9ea1544ad55cecf4b8242fab6dd35a93bbce657034b0611ee383099054ab6d8c", size = 1225293 },
]

[[package]]
name = "pyyaml"
version = "6.0.2"
source = { registry = "https://pypi.org/simple" }
sdist = { url = "https://files.pythonhosted.org/packages/54/ed/79a089b6be93607fa5cdaedf301d7dfb23af5f25c398d5ead2525b063e17/pyyaml-6.0.2.tar.gz", hash = "sha256:d584d9ec91ad65861cc08d42e834324ef890a082e591037abe114850ff7bbc3e", size = 130631 }
wheels = [
    { url = "https://files.pythonhosted.org/packages/86/0c/c581167fc46d6d6d7ddcfb8c843a4de25bdd27e4466938109ca68492292c/PyYAML-6.0.2-cp312-cp312-macosx_10_9_x86_64.whl", hash = "sha256:c70c95198c015b85feafc136515252a261a84561b7b1d51e3384e0655ddf25ab", size = 183873 },
    { url = "https://files.pythonhosted.org/packages/a8/0c/38374f5bb272c051e2a69281d71cba6fdb983413e6758b84482905e29a5d/PyYAML-6.0.2-cp312-cp312-macosx_11_0_arm64.whl", hash = "sha256:ce826d6ef20b1bc864f0a68340c8b3287705cae2f8b4b1d932177dcc76721725", size = 173302 },
    { url = "https://files.pythonhosted.org/packages/c3/93/9916574aa8c00aa06bbac729972eb1071d002b8e158bd0e83a3b9a20a1f7/PyYAML-6.0.2-cp312-cp312-manylinux_2_17_aarch64.manylinux2014_aarch64.whl", hash = "sha256:1f71ea527786de97d1a0cc0eacd1defc0985dcf6b3f17bb77dcfc8c34bec4dc5", size = 739154 },
    { url = "https://files.pythonhosted.org/packages/95/0f/b8938f1cbd09739c6da569d172531567dbcc9789e0029aa070856f123984/PyYAML-6.0.2-cp312-cp312-manylinux_2_17_s390x.manylinux2014_s390x.whl", hash = "sha256:9b22676e8097e9e22e36d6b7bda33190d0d400f345f23d4065d48f4ca7ae0425", size = 766223 },
    { url = "https://files.pythonhosted.org/packages/b9/2b/614b4752f2e127db5cc206abc23a8c19678e92b23c3db30fc86ab731d3bd/PyYAML-6.0.2-cp312-cp312-manylinux_2_17_x86_64.manylinux2014_x86_64.whl", hash = "sha256:80bab7bfc629882493af4aa31a4cfa43a4c57c83813253626916b8c7ada83476", size = 767542 },
    { url = "https://files.pythonhosted.org/packages/d4/00/dd137d5bcc7efea1836d6264f049359861cf548469d18da90cd8216cf05f/PyYAML-6.0.2-cp312-cp312-musllinux_1_1_aarch64.whl", hash = "sha256:0833f8694549e586547b576dcfaba4a6b55b9e96098b36cdc7ebefe667dfed48", size = 731164 },
    { url = "https://files.pythonhosted.org/packages/c9/1f/4f998c900485e5c0ef43838363ba4a9723ac0ad73a9dc42068b12aaba4e4/PyYAML-6.0.2-cp312-cp312-musllinux_1_1_x86_64.whl", hash = "sha256:8b9c7197f7cb2738065c481a0461e50ad02f18c78cd75775628afb4d7137fb3b", size = 756611 },
    { url = "https://files.pythonhosted.org/packages/df/d1/f5a275fdb252768b7a11ec63585bc38d0e87c9e05668a139fea92b80634c/PyYAML-6.0.2-cp312-cp312-win32.whl", hash = "sha256:ef6107725bd54b262d6dedcc2af448a266975032bc85ef0172c5f059da6325b4", size = 140591 },
    { url = "https://files.pythonhosted.org/packages/0c/e8/4f648c598b17c3d06e8753d7d13d57542b30d56e6c2dedf9c331ae56312e/PyYAML-6.0.2-cp312-cp312-win_amd64.whl", hash = "sha256:7e7401d0de89a9a855c839bc697c079a4af81cf878373abd7dc625847d25cbd8", size = 156338 },
    { url = "https://files.pythonhosted.org/packages/ef/e3/3af305b830494fa85d95f6d95ef7fa73f2ee1cc8ef5b495c7c3269fb835f/PyYAML-6.0.2-cp313-cp313-macosx_10_13_x86_64.whl", hash = "sha256:efdca5630322a10774e8e98e1af481aad470dd62c3170801852d752aa7a783ba", size = 181309 },
    { url = "https://files.pythonhosted.org/packages/45/9f/3b1c20a0b7a3200524eb0076cc027a970d320bd3a6592873c85c92a08731/PyYAML-6.0.2-cp313-cp313-macosx_11_0_arm64.whl", hash = "sha256:50187695423ffe49e2deacb8cd10510bc361faac997de9efef88badc3bb9e2d1", size = 171679 },
    { url = "https://files.pythonhosted.org/packages/7c/9a/337322f27005c33bcb656c655fa78325b730324c78620e8328ae28b64d0c/PyYAML-6.0.2-cp313-cp313-manylinux_2_17_aarch64.manylinux2014_aarch64.whl", hash = "sha256:0ffe8360bab4910ef1b9e87fb812d8bc0a308b0d0eef8c8f44e0254ab3b07133", size = 733428 },
    { url = "https://files.pythonhosted.org/packages/a3/69/864fbe19e6c18ea3cc196cbe5d392175b4cf3d5d0ac1403ec3f2d237ebb5/PyYAML-6.0.2-cp313-cp313-manylinux_2_17_s390x.manylinux2014_s390x.whl", hash = "sha256:17e311b6c678207928d649faa7cb0d7b4c26a0ba73d41e99c4fff6b6c3276484", size = 763361 },
    { url = "https://files.pythonhosted.org/packages/04/24/b7721e4845c2f162d26f50521b825fb061bc0a5afcf9a386840f23ea19fa/PyYAML-6.0.2-cp313-cp313-manylinux_2_17_x86_64.manylinux2014_x86_64.whl", hash = "sha256:70b189594dbe54f75ab3a1acec5f1e3faa7e8cf2f1e08d9b561cb41b845f69d5", size = 759523 },
    { url = "https://files.pythonhosted.org/packages/2b/b2/e3234f59ba06559c6ff63c4e10baea10e5e7df868092bf9ab40e5b9c56b6/PyYAML-6.0.2-cp313-cp313-musllinux_1_1_aarch64.whl", hash = "sha256:41e4e3953a79407c794916fa277a82531dd93aad34e29c2a514c2c0c5fe971cc", size = 726660 },
    { url = "https://files.pythonhosted.org/packages/fe/0f/25911a9f080464c59fab9027482f822b86bf0608957a5fcc6eaac85aa515/PyYAML-6.0.2-cp313-cp313-musllinux_1_1_x86_64.whl", hash = "sha256:68ccc6023a3400877818152ad9a1033e3db8625d899c72eacb5a668902e4d652", size = 751597 },
    { url = "https://files.pythonhosted.org/packages/14/0d/e2c3b43bbce3cf6bd97c840b46088a3031085179e596d4929729d8d68270/PyYAML-6.0.2-cp313-cp313-win32.whl", hash = "sha256:bc2fa7c6b47d6bc618dd7fb02ef6fdedb1090ec036abab80d4681424b84c1183", size = 140527 },
    { url = "https://files.pythonhosted.org/packages/fa/de/02b54f42487e3d3c6efb3f89428677074ca7bf43aae402517bc7cca949f3/PyYAML-6.0.2-cp313-cp313-win_amd64.whl", hash = "sha256:8388ee1976c416731879ac16da0aff3f63b286ffdd57cdeb95f3f2e085687563", size = 156446 },
]

[[package]]
name = "registry"
source = { editable = "." }
dependencies = [
    { name = "litestar" },
    { name = "requests" },
    { name = "tabulate" },
    { name = "wsdk" },
]

[package.metadata]
requires-dist = [
    { name = "litestar", extras = ["standart"], specifier = ">=2.15.2" },
    { name = "requests", specifier = ">=2.32.3" },
    { name = "tabulate", specifier = ">=0.9.0" },
    { name = "wsdk", editable = "../../libs/wsdk" },
]

[[package]]
name = "requests"
version = "2.32.3"
source = { registry = "https://pypi.org/simple" }
dependencies = [
    { name = "certifi" },
    { name = "charset-normalizer" },
    { name = "idna" },
    { name = "urllib3" },
]
sdist = { url = "https://files.pythonhosted.org/packages/63/70/2bf7780ad2d390a8d301ad0b550f1581eadbd9a20f896afe06353c2a2913/requests-2.32.3.tar.gz", hash = "sha256:55365417734eb18255590a9ff9eb97e9e1da868d4ccd6402399eaf68af20a760", size = 131218 }
wheels = [
    { url = "https://files.pythonhosted.org/packages/f9/9b/335f9764261e915ed497fcdeb11df5dfd6f7bf257d4a6a2a686d80da4d54/requests-2.32.3-py3-none-any.whl", hash = "sha256:70761cfe03c773ceb22aa2f671b4757976145175cdfca038c02654d061d6dcc6", size = 64928 },
]

[[package]]
name = "rich"
version = "14.0.0"
source = { registry = "https://pypi.org/simple" }
dependencies = [
    { name = "markdown-it-py" },
    { name = "pygments" },
]
sdist = { url = "https://files.pythonhosted.org/packages/a1/53/830aa4c3066a8ab0ae9a9955976fb770fe9c6102117c8ec4ab3ea62d89e8/rich-14.0.0.tar.gz", hash = "sha256:82f1bc23a6a21ebca4ae0c45af9bdbc492ed20231dcb63f297d6d1021a9d5725", size = 224078 }
wheels = [
    { url = "https://files.pythonhosted.org/packages/0d/9b/63f4c7ebc259242c89b3acafdb37b41d1185c07ff0011164674e9076b491/rich-14.0.0-py3-none-any.whl", hash = "sha256:1c9491e1951aac09caffd42f448ee3d04e58923ffe14993f6e83068dc395d7e0", size = 243229 },
]

[[package]]
name = "rich-click"
version = "1.8.8"
source = { registry = "https://pypi.org/simple" }
dependencies = [
    { name = "click" },
    { name = "rich" },
    { name = "typing-extensions" },
]
sdist = { url = "https://files.pythonhosted.org/packages/a6/7a/4b78c5997f2a799a8c5c07f3b2145bbcda40115c4d35c76fbadd418a3c89/rich_click-1.8.8.tar.gz", hash = "sha256:547c618dea916620af05d4a6456da797fbde904c97901f44d2f32f89d85d6c84", size = 39066 }
wheels = [
    { url = "https://files.pythonhosted.org/packages/fa/69/963f0bf44a654f6465bdb66fb5a91051b0d7af9f742b5bd7202607165036/rich_click-1.8.8-py3-none-any.whl", hash = "sha256:205aabd5a98e64ab2c105dee9e368be27480ba004c7dfa2accd0ed44f9f1550e", size = 35747 },
]

[[package]]
name = "sniffio"
version = "1.3.1"
source = { registry = "https://pypi.org/simple" }
sdist = { url = "https://files.pythonhosted.org/packages/a2/87/a6771e1546d97e7e041b6ae58d80074f81b7d5121207425c964ddf5cfdbd/sniffio-1.3.1.tar.gz", hash = "sha256:f4324edc670a0f49750a81b895f35c3adb843cca46f0530f79fc1babb23789dc", size = 20372 }
wheels = [
    { url = "https://files.pythonhosted.org/packages/e9/44/75a9c9421471a6c4805dbf2356f7c181a29c1879239abab1ea2cc8f38b40/sniffio-1.3.1-py3-none-any.whl", hash = "sha256:2f6da418d1f1e0fddd844478f41680e794e6051915791a034ff65e5f100525a2", size = 10235 },
]

[[package]]
name = "tabulate"
version = "0.9.0"
source = { registry = "https://pypi.org/simple" }
sdist = { url = "https://files.pythonhosted.org/packages/ec/fe/802052aecb21e3797b8f7902564ab6ea0d60ff8ca23952079064155d1ae1/tabulate-0.9.0.tar.gz", hash = "sha256:0095b12bf5966de529c0feb1fa08671671b3368eec77d7ef7ab114be2c068b3c", size = 81090 }
wheels = [
    { url = "https://files.pythonhosted.org/packages/40/44/4a5f08c96eb108af5cb50b41f76142f0afa346dfa99d5296fe7202a11854/tabulate-0.9.0-py3-none-any.whl", hash = "sha256:024ca478df22e9340661486f85298cff5f6dcdba14f3813e8830015b9ed1948f", size = 35252 },
]

[[package]]
name = "typing-extensions"
version = "4.13.1"
source = { registry = "https://pypi.org/simple" }
sdist = { url = "https://files.pythonhosted.org/packages/76/ad/cd3e3465232ec2416ae9b983f27b9e94dc8171d56ac99b345319a9475967/typing_extensions-4.13.1.tar.gz", hash = "sha256:98795af00fb9640edec5b8e31fc647597b4691f099ad75f469a2616be1a76dff", size = 106633 }
wheels = [
    { url = "https://files.pythonhosted.org/packages/df/c5/e7a0b0f5ed69f94c8ab7379c599e6036886bffcde609969a5325f47f1332/typing_extensions-4.13.1-py3-none-any.whl", hash = "sha256:4b6cf02909eb5495cfbc3f6e8fd49217e6cc7944e145cdda8caa3734777f9e69", size = 45739 },
]

[[package]]
name = "tzdata"
version = "2025.2"
source = { registry = "https://pypi.org/simple" }
sdist = { url = "https://files.pythonhosted.org/packages/95/32/1a225d6164441be760d75c2c42e2780dc0873fe382da3e98a2e1e48361e5/tzdata-2025.2.tar.gz", hash = "sha256:b60a638fcc0daffadf82fe0f57e53d06bdec2f36c4df66280ae79bce6bd6f2b9", size = 196380 }
wheels = [
    { url = "https://files.pythonhosted.org/packages/5c/23/c7abc0ca0a1526a0774eca151daeb8de62ec457e77262b66b359c3c7679e/tzdata-2025.2-py2.py3-none-any.whl", hash = "sha256:1a403fada01ff9221ca8044d701868fa132215d84beb92242d9acd2147f667a8", size = 347839 },
]

[[package]]
name = "urllib3"
version = "2.3.0"
source = { registry = "https://pypi.org/simple" }
sdist = { url = "https://files.pythonhosted.org/packages/aa/63/e53da845320b757bf29ef6a9062f5c669fe997973f966045cb019c3f4b66/urllib3-2.3.0.tar.gz", hash = "sha256:f8c5449b3cf0861679ce7e0503c7b44b5ec981bec0d1d3795a07f1ba96f0204d", size = 307268 }
wheels = [
    { url = "https://files.pythonhosted.org/packages/c8/19/4ec628951a74043532ca2cf5d97b7b14863931476d117c471e8e2b1eb39f/urllib3-2.3.0-py3-none-any.whl", hash = "sha256:1cee9ad369867bfdbbb48b7dd50374c0967a0bb7710050facf0dd6911440e3df", size = 128369 },
]

[[package]]
name = "uuid6"
version = "2024.7.10"
source = { registry = "https://pypi.org/simple" }
sdist = { url = "https://files.pythonhosted.org/packages/2c/56/2560a9f1ccab9e12b1b3478a3c870796cf4d8ee5652bb19b61751cced14a/uuid6-2024.7.10.tar.gz", hash = "sha256:2d29d7f63f593caaeea0e0d0dd0ad8129c9c663b29e19bdf882e864bedf18fb0", size = 8705 }
wheels = [
    { url = "https://files.pythonhosted.org/packages/d3/3e/4ae6af487ce5781ed71d5fe10aca72e7cbc4d4f45afc31b120287082a8dd/uuid6-2024.7.10-py3-none-any.whl", hash = "sha256:93432c00ba403751f722829ad21759ff9db051dea140bf81493271e8e4dd18b7", size = 6376 },
]

[[package]]
name = "wsdk"
version = "0.1.0"
source = { editable = "../../libs/wsdk" }
dependencies = [
    { name = "uuid6" },
]

[package.metadata]
requires-dist = [{ name = "uuid6" }]
